github.com/cdvelop/tinystring v0.8.3 h1:ik2c9kb83WAos8cxXsmoQotAMwlSyhmLiFmvMWhr3jM=
github.com/cdvelop/tinystring v0.8.3/go.mod h1:v6+hdP7eaOZn9qoaPm4GQnX8cRzUzD2mEjILAkPLkyo=
github.com/cdvelop/tinystring v0.9.0 h1:J1JdVJmy13ePgE5wrK7HQAbB7Kg7yLuhWM4No/M9We0=
github.com/cdvelop/tinystring v0.9.0/go.mod h1:v6+hdP7eaOZn9qoaPm4GQnX8cRzUzD2mEjILAkPLkyo=
github.com/cdvelop/tinystring v0.9.1 h1:G2KQ+KGp2dJkoPVWLcJYE4Vt9bwBsuZVzHnuMI4blLc=
github.com/cdvelop/tinystring v0.9.1/go.mod h1:v6+hdP7eaOZn9qoaPm4GQnX8cRzUzD2mEjILAkPLkyo=
